
Microsoft Visual Studio Solution File, Format Version 12.00
# Visual Studio Version 16
VisualStudioVersion = 25.0.1706.0
MinimumVisualStudioVersion = 10.0.40219.1
Project("{FAE04EC0-301F-11D3-BF4B-00C04F79EFBC}") = "DotNetCore", "DotNetCore\DotNetCore.csproj", "{F67D84B7-1899-45F6-87AD-B6B8EC9A8E95}"
EndProject
Global
	GlobalSection(SolutionConfigurationPlatforms) = preSolution
		Debug|Any CPU = Debug|Any CPU
		Release|Any CPU = Release|Any CPU
	EndGlobalSection
	GlobalSection(ProjectConfigurationPlatforms) = postSolution
		{F67D84B7-1899-45F6-87AD-B6B8EC9A8E95}.Debug|Any CPU.ActiveCfg = Debug|Any CPU
		{F67D84B7-1899-45F6-87AD-B6B8EC9A8E95}.Debug|Any CPU.Build.0 = Debug|Any CPU
		{F67D84B7-1899-45F6-87AD-B6B8EC9A8E95}.Release|Any CPU.ActiveCfg = Release|Any CPU
		{F67D84B7-1899-45F6-87AD-B6B8EC9A8E95}.Release|Any CPU.Build.0 = Release|Any CPU
	EndGlobalSection
	GlobalSection(SolutionProperties) = preSolution
		HideSolutionNode = FALSE
	EndGlobalSection
	GlobalSection(ExtensibilityGlobals) = postSolution
		SolutionGuid = {69DD9702-5A0B-4F3C-9353-3EDA13B970D2}
	EndGlobalSection
EndGlobal
