
Microsoft Visual Studio Solution File, Format Version 12.00
# Visual Studio Version 17
VisualStudioVersion = 17.9.34607.119
MinimumVisualStudioVersion = 10.0.40219.1
Project("{FAE04EC0-301F-11D3-BF4B-00C04F79EFBC}") = "Quest-Rise", "Quest-Rise\Quest-Rise.csproj", "{CFCB386C-F270-4F3B-9B20-959C28A064FC}"
EndProject
Global
	GlobalSection(SolutionConfigurationPlatforms) = preSolution
		Debug|Any CPU = Debug|Any CPU
		Release|Any CPU = Release|Any CPU
	EndGlobalSection
	GlobalSection(ProjectConfigurationPlatforms) = postSolution
		{CFCB386C-F270-4F3B-9B20-959C28A064FC}.Debug|Any CPU.ActiveCfg = Debug|Any CPU
		{CFCB386C-F270-4F3B-9B20-959C28A064FC}.Debug|Any CPU.Build.0 = Debug|Any CPU
		{CFCB386C-F270-4F3B-9B20-959C28A064FC}.Release|Any CPU.ActiveCfg = Release|Any CPU
		{CFCB386C-F270-4F3B-9B20-959C28A064FC}.Release|Any CPU.Build.0 = Release|Any CPU
	EndGlobalSection
	GlobalSection(SolutionProperties) = preSolution
		HideSolutionNode = FALSE
	EndGlobalSection
	GlobalSection(ExtensibilityGlobals) = postSolution
		SolutionGuid = {83C67510-7ABB-4B1A-BE23-E5EDD492D2DD}
	EndGlobalSection
EndGlobal
